{
  "version": "5",
  "specifiers": {
    "npm:@types/pathfinding@^0.0.9": "0.0.9",
    "npm:javascript-lp-solver@~0.4.24": "0.4.24",
    "npm:pathfinding@~0.4.18": "0.4.18"
  },
  "npm": {
    "@types/pathfinding@0.0.9": {
      "integrity": "sha512-b7tf4+gVc8+sRETzJ7pCeqhknQ9XVgYqbH5+ekcHmO5Hf/fy9BTBzSstE9mcOQc81Y0qITda8tF/UsN3huIMwg=="
    },
    "heap@0.2.5": {
      "integrity": "sha512-G7HLD+WKcrOyJP5VQwYZNC3Z6FcQ7YYjEFiFoIj8PfEr73mu421o8B1N5DKUcc8K37EsJ2XXWA8DtrDz/2dReg=="
    },
    "javascript-lp-solver@0.4.24": {
      "integrity": "sha512-5edoDKnMrt/u3M6GnZKDDIPxOyFOg+WrwDv8mjNiMC2DePhy2H9/FFQgf4ggywaXT1utvkxusJcjQUER72cZmA=="
    },
    "pathfinding@0.4.18": {
      "integrity": "sha512-R0TGEQ9GRcFCDvAWlJAWC+KGJ9SLbW4c0nuZRcioVlXVTlw+F5RvXQ8SQgSqI9KXWC1ew95vgmIiyaWTlCe9Ag==",
      "dependencies": [
        "heap"
      ]
    }
  },
  "workspace": {
    "dependencies": [
      "npm:@types/pathfinding@^0.0.9",
      "npm:javascript-lp-solver@~0.4.24",
      "npm:pathfinding@~0.4.18"
    ]
  }
}
